hash: 2b41fab78138da09632e01ad9a78d59e127b19ed891058e93a358c74b950a578
updated: 2018-09-26T13:04:25.031398864-07:00
imports:
- name: github.com/ajeddeloh/go-json
  version: 73d058cf8437a1989030afe571eeab9f90eebbbd
- name: github.com/ajeddeloh/yaml
  version: 6b94386aeefd8c4b8470aee72bfca084c2f91da9
- name: github.com/alecthomas/units
  version: 6b4e7dc5e3143b85ea77909c72caf89416fc2915
- name: github.com/aws/aws-sdk-go
  version: 40bc7761a9f06daa574d20f2ad5454db02a05953
  subpackages:
  - aws
  - aws/awserr
  - aws/awsutil
  - aws/client
  - aws/client/metadata
  - aws/corehandlers
  - aws/credentials
  - aws/credentials/ec2rolecreds
  - aws/credentials/endpointcreds
  - aws/credentials/stscreds
  - aws/defaults
  - aws/ec2metadata
  - aws/endpoints
  - aws/request
  - aws/session
  - aws/signer/v4
  - private/protocol
  - private/protocol/ec2query
  - private/protocol/query
  - private/protocol/query/queryutil
  - private/protocol/rest
  - private/protocol/restxml
  - private/protocol/xml/xmlutil
  - service/ec2
  - service/iam
  - service/s3
  - service/s3/s3iface
  - service/s3/s3manager
  - service/sts
- name: github.com/Azure/azure-sdk-for-go
  version: f8b0607613f19ae9509b5ed6fbfda56caf06d59d
  subpackages:
  - management
  - management/location
  - management/storageservice
  - storage
- name: github.com/beorn7/perks
  version: 3a771d992973f24aa725d07868b467d1ddfceafb
  subpackages:
  - quantile
- name: github.com/coreos/bbolt
  version: 48ea1b39c25fc1bab3506fbc712ecbaa842c4d2d
- name: github.com/coreos/container-linux-config-transpiler
  version: 73f2769c53710f016a6036f4803ac5af1fbe23ea
  subpackages:
  - config
  - config/astyaml
  - config/platform
  - config/templating
  - config/types
  - config/types/util
  - internal/util
- name: github.com/coreos/coreos-cloudinit
  version: 4c333e657bfbaa8f6594298b48324f45e6bf5961
  subpackages:
  - config
- name: github.com/coreos/etcd
  version: fca8add78a9d926166eb739b8e4a124434025ba3
  subpackages:
  - alarm
  - auth
  - auth/authpb
  - client
  - clientv3
  - compactor
  - discovery
  - error
  - etcdserver
  - etcdserver/api
  - etcdserver/api/etcdhttp
  - etcdserver/api/v2http
  - etcdserver/api/v2http/httptypes
  - etcdserver/api/v3rpc/rpctypes
  - etcdserver/auth
  - etcdserver/etcdserverpb
  - etcdserver/membership
  - etcdserver/stats
  - lease
  - lease/leasehttp
  - lease/leasepb
  - mvcc
  - mvcc/backend
  - mvcc/mvccpb
  - pkg/adt
  - pkg/contention
  - pkg/cpuutil
  - pkg/crc
  - pkg/fileutil
  - pkg/httputil
  - pkg/idutil
  - pkg/ioutil
  - pkg/logutil
  - pkg/netutil
  - pkg/pathutil
  - pkg/pbutil
  - pkg/runtime
  - pkg/schedule
  - pkg/srv
  - pkg/tlsutil
  - pkg/transport
  - pkg/types
  - pkg/wait
  - raft
  - raft/raftpb
  - rafthttp
  - snap
  - snap/snappb
  - store
  - version
  - wal
  - wal/walpb
- name: github.com/coreos/go-omaha
  version: f8acb2d7b76c4156223538ca1806a888e764af3d
  subpackages:
  - omaha
- name: github.com/coreos/go-semver
  version: 5e3acbb5668c4c3deb4842615c4098eb61fb6b1e
  subpackages:
  - semver
- name: github.com/coreos/go-systemd
  version: 39ca1b05acc7ad1220e09f133283b8859a8b71ab
  subpackages:
  - journal
  - unit
- name: github.com/coreos/ignition
  version: f7079129b8651ac51dba14c3af65692bb413c1dd
  subpackages:
  - config/shared/errors
  - config/shared/validations
  - config/util
  - config/v1
  - config/v1/types
  - config/v2_0
  - config/v2_0/types
  - config/v2_1
  - config/v2_1/types
  - config/v2_2
  - config/v2_2/types
  - config/v2_3_experimental/types
  - config/validate
  - config/validate/astjson
  - config/validate/astnode
  - config/validate/report
- name: github.com/coreos/ioprogress
  version: 4637e494fd9b23c5565ee193e89f91fdc1639bc0
- name: github.com/coreos/pkg
  version: 447b7ec906e523386d9c53be15b55a8ae86ea944
  subpackages:
  - capnslog
  - multierror
- name: github.com/coreos/yaml
  version: 6b16a5714269b2f70720a45406b1babd947a17ef
- name: github.com/cpuguy83/go-md2man
  version: 71acacd42f85e5e82f70a55327789582a5200a90
  subpackages:
  - md2man
- name: github.com/dgrijalva/jwt-go
  version: d2709f9f1f31ebcda9651b03077758c1f3a0018c
- name: github.com/digitalocean/godo
  version: 7a32b5ce17203924a21366d5031032fd326d5051
  subpackages:
  - context
- name: github.com/go-ini/ini
  version: c787282c39ac1fc618827141a1f762240def08a3
- name: github.com/godbus/dbus
  version: a5942dec6340eb0d57f43f2003c190ce06e43dea
- name: github.com/gogo/protobuf
  version: 342cbe0a04158f6dcb03ca0079991a51a4248c02
  subpackages:
  - gogoproto
  - proto
  - protoc-gen-gogo/descriptor
- name: github.com/golang/protobuf
  version: 8616e8ee5e20a1704615e6c8d7afcdac06087a67
  subpackages:
  - proto
  - ptypes
  - ptypes/any
  - ptypes/duration
  - ptypes/timestamp
- name: github.com/google/btree
  version: 925471ac9e2131377a91e1595defec898166fe49
- name: github.com/google/go-querystring
  version: 44c6ddd0a2342c386950e880b658017258da92fc
  subpackages:
  - query
- name: github.com/inconshreveable/mousetrap
  version: 76626ae9c91c4f2a10f34cad8ce83ea42c93bb75
- name: github.com/jmespath/go-jmespath
  version: c2b33e8439af944379acbdd9c3a5fe0bc44bd8a5
- name: github.com/jonboulle/clockwork
  version: 2eee05ed794112d45db504eb05aa693efd2b8b09
- name: github.com/kballard/go-shellquote
  version: d8ec1a69a250a17bb0e419c386eac1f3711dc142
- name: github.com/kylelemons/godebug
  version: 21cb3784d9bda523911b96719efba02b7e983256
  subpackages:
  - diff
  - pretty
- name: github.com/matttproud/golang_protobuf_extensions
  version: c12348ce28de40eed0136aa2b644d0ee0650e56c
  subpackages:
  - pbutil
- name: github.com/Microsoft/azure-vhd-utils
  version: 43293b8d76460dd25093d216c95abc79342e1657
  subpackages:
  - upload
  - upload/concurrent
  - upload/metadata
  - upload/progress
  - vhdcore
  - vhdcore/bat
  - vhdcore/block
  - vhdcore/block/bitmap
  - vhdcore/common
  - vhdcore/diskstream
  - vhdcore/footer
  - vhdcore/header
  - vhdcore/header/parentlocator
  - vhdcore/reader
  - vhdcore/validator
  - vhdcore/vhdfile
  - vhdcore/writer
- name: github.com/packethost/packngo
  version: 80f62d78849dba04e42d8812329ee00558e37c5b
- name: github.com/pin/tftp
  version: 9ea92f6b1029bc1bf3072bba195c84bb9b0370e3
  subpackages:
  - netascii
- name: github.com/prometheus/client_golang
  version: 5cec1d0429b02e4323e042eb04dafdb079ddf568
  subpackages:
  - prometheus
  - prometheus/promhttp
- name: github.com/prometheus/client_model
  version: 6f3806018612930941127f2a7c6c453ba2c527d2
  subpackages:
  - go
- name: github.com/prometheus/common
  version: e3fb1a1acd7605367a2b378bc2e2f893c05174b7
  subpackages:
  - expfmt
  - internal/bitbucket.org/ww/goautoneg
  - model
- name: github.com/prometheus/procfs
  version: a6e9df898b1336106c743392c48ee0b71f5c4efa
  subpackages:
  - xfs
- name: github.com/russross/blackfriday
  version: 4048872b16cc0fc2c5fd9eacf0ed2c2fedaa0c8c
- name: github.com/satori/go.uuid
  version: 08f0718b61e95ddba0ade3346725fe0e4bf28ca6
- name: github.com/spf13/cobra
  version: 1c44ec8d3f1552cac48999f9306da23c4d8a288b
- name: github.com/spf13/pflag
  version: 7f60f83a2c81bc3c3c0d5297f61ddfa68da9d3b7
- name: github.com/tent/http-link-go
  version: ac974c61c2f990f4115b119354b5e0b47550e888
- name: github.com/ugorji/go
  version: bdcc60b419d136a85cdf2e7cbcac34b3f1cd6e57
  subpackages:
  - codec
- name: github.com/vincent-petithory/dataurl
  version: 9a301d65acbb728fcc3ace14f45f511a4cfeea9c
- name: github.com/vishvananda/netlink
  version: 2e9d285a7160e1c65e1eab8238faf2d6a0dc9a4a
  subpackages:
  - nl
- name: github.com/vishvananda/netns
  version: 604eaf189ee867d8c147fafc28def2394e878d25
- name: github.com/vmware/govmomi
  version: b63044e5f833781eb7b305bc035392480ee06a82
  subpackages:
  - find
  - list
  - object
  - ovf
  - property
  - session
  - task
  - vim25
  - vim25/debug
  - vim25/methods
  - vim25/mo
  - vim25/progress
  - vim25/soap
  - vim25/types
  - vim25/xml
- name: github.com/xiang90/probing
  version: 07dd2e8dfe18522e9c447ba95f2fe95262f63bb2
- name: go4.org
  version: 03efcb870d84809319ea509714dd6d19a1498483
  subpackages:
  - errorutil
- name: golang.org/x/crypto
  version: 119f50887f8fe324fe2386421c27a11af014b64e
  subpackages:
  - bcrypt
  - blowfish
  - cast5
  - curve25519
  - ed25519
  - ed25519/internal/edwards25519
  - openpgp
  - openpgp/armor
  - openpgp/elgamal
  - openpgp/errors
  - openpgp/packet
  - openpgp/s2k
  - pkcs12
  - pkcs12/internal/rc2
  - ssh
  - ssh/agent
  - ssh/terminal
- name: golang.org/x/net
  version: 66aacef3dd8a676686c7ae3716979581e8b03c47
  subpackages:
  - bpf
  - context
  - context/ctxhttp
  - http2
  - http2/hpack
  - idna
  - internal/iana
  - internal/socket
  - internal/timeseries
  - ipv4
  - ipv6
  - lex/httplex
  - trace
- name: golang.org/x/oauth2
  version: 045497edb6234273d67dbc25da3f2ddbc4c4cacf
  subpackages:
  - google
  - internal
  - jws
  - jwt
- name: golang.org/x/sys
  version: c2ed4eda69e7f62900806e4cd6e45f0429f859fa
  subpackages:
  - unix
- name: golang.org/x/text
  version: b19bf474d317b857955b12035d2c5acb57ce8b01
  subpackages:
  - secure/bidirule
  - transform
  - unicode/bidi
  - unicode/norm
- name: golang.org/x/time
  version: c06e80d9300e4443158a03817b8a8cb37d230320
  subpackages:
  - rate
- name: google.golang.org/api
  version: c858ef4400610cbfd097ffc5f5c6e4a1a51eac86
  subpackages:
  - compute/v1
  - gensupport
  - googleapi
  - googleapi/internal/uritemplates
  - storage/v1
- name: google.golang.org/appengine
  version: ae0ab99deb4dc413a2b4bd6c8bdd0eb67f1e4d06
  subpackages:
  - internal
  - internal/app_identity
  - internal/base
  - internal/datastore
  - internal/log
  - internal/modules
  - internal/remote_api
  - internal/urlfetch
  - urlfetch
- name: google.golang.org/cloud
  version: 29b5aa7b5bc98fabb6b4d3e4322311baf21fb295
  subpackages:
  - compute/metadata
- name: google.golang.org/genproto
  version: 09f6ed296fc66555a25fe4ce95173148778dfa85
  subpackages:
  - googleapis/rpc/status
- name: google.golang.org/grpc
  version: 5b3c4e850e90a4cf6a20ebd46c8b32a0a3afcb9e
  subpackages:
  - balancer
  - codes
  - connectivity
  - credentials
  - grpclb/grpc_lb_v1/messages
  - grpclog
  - health
  - health/grpc_health_v1
  - internal
  - keepalive
  - metadata
  - naming
  - peer
  - resolver
  - stats
  - status
  - tap
  - transport
testImports: []
