metadata:
  version: '1.0'
artifacts:
  - download_url: 'https://mirror.openshift.com/pub/openshift-v4/x86_64/clients/ocp/4.22.16/openshift-client-linux-4.22.16.tar.gz'
    checksum: 'sha256:fcbf48c72307f761021d0507dd9a0a120b8fd46895b2cd254d7cb8f8a28115b2'
    filename: 'openshift-client-linux-x86_64.tar.gz'
  - download_url: 'https://mirror.openshift.com/pub/openshift-v4/s390x/clients/ocp/4.22.16/openshift-client-linux-4.22.16.tar.gz'
    checksum: 'sha256:d163f8ffe86a1c205183f8482aab2d4888928a11aaa53b21b4cde36d3da6619e'
    filename: 'openshift-client-linux-s390x.tar.gz'
  - download_url: 'https://mirror.openshift.com/pub/openshift-v4/ppc64le/clients/ocp/4.22.16/openshift-client-linux-4.22.16.tar.gz'
    checksum: 'sha256:de4656e2d8c6ce795b2a87ad6d958cc74a1769fe68417fa28f13d91653f7500a'
    filename: 'openshift-client-linux-ppc64le.tar.gz'
  - download_url: 'https://mirror.openshift.com/pub/openshift-v4/aarch64/clients/ocp/4.22.16/openshift-client-linux-4.22.16.tar.gz'
    checksum: 'sha256:b99e629ade6834abdbe0218acd7cbc05432c491e84566a72d7f3f21884d2820d'
    filename: 'openshift-client-linux-aarch64.tar.gz'
