metadata:
  version: '1.0'
artifacts:
  - download_url: 'https://mirror.openshift.com/pub/openshift-v4/x86_64/clients/ocp/4.22.17/openshift-client-linux-4.22.17.tar.gz'
    checksum: 'sha256:466f6c5d060479fca2096b85367c88759ecabe3d12e1328e7debbbd60e3420a7'
    filename: 'openshift-client-linux-x86_64.tar.gz'
  - download_url: 'https://mirror.openshift.com/pub/openshift-v4/s390x/clients/ocp/4.22.17/openshift-client-linux-4.22.17.tar.gz'
    checksum: 'sha256:bc93c7efc651ab02f28cf6fbb88e06dc3043984a6b7a48c180e6879af8484342'
    filename: 'openshift-client-linux-s390x.tar.gz'
  - download_url: 'https://mirror.openshift.com/pub/openshift-v4/ppc64le/clients/ocp/4.22.17/openshift-client-linux-4.22.17.tar.gz'
    checksum: 'sha256:db497a87cba9f5b251934b8e565e63423de7c9601c0e30446514450e1c01ec33'
    filename: 'openshift-client-linux-ppc64le.tar.gz'
  - download_url: 'https://mirror.openshift.com/pub/openshift-v4/aarch64/clients/ocp/4.22.17/openshift-client-linux-4.22.17.tar.gz'
    checksum: 'sha256:50224a153a24d1c48295a454d7a332594c535bae34052594b471e1af7081b4a5'
    filename: 'openshift-client-linux-aarch64.tar.gz'
